
Microsoft Visual Studio Solution File, Format Version 12.00
# Visual Studio Version 17
VisualStudioVersion = 17.4.33205.214
MinimumVisualStudioVersion = 10.0.40219.1
Project("{FAE04EC0-301F-11D3-BF4B-00C04F79EFBC}") = "HistRepro", "HistRepro.csproj", "{CFA79DB2-3B6A-4DC6-B88C-68C17FB9BDB4}"
EndProject
Global
	GlobalSection(SolutionConfigurationPlatforms) = preSolution
		Debug|Any CPU = Debug|Any CPU
		Release|Any CPU = Release|Any CPU
	EndGlobalSection
	GlobalSection(ProjectConfigurationPlatforms) = postSolution
		{CFA79DB2-3B6A-4DC6-B88C-68C17FB9BDB4}.Debug|Any CPU.ActiveCfg = Debug|Any CPU
		{CFA79DB2-3B6A-4DC6-B88C-68C17FB9BDB4}.Debug|Any CPU.Build.0 = Debug|Any CPU
		{CFA79DB2-3B6A-4DC6-B88C-68C17FB9BDB4}.Release|Any CPU.ActiveCfg = Release|Any CPU
		{CFA79DB2-3B6A-4DC6-B88C-68C17FB9BDB4}.Release|Any CPU.Build.0 = Release|Any CPU
	EndGlobalSection
	GlobalSection(SolutionProperties) = preSolution
		HideSolutionNode = FALSE
	EndGlobalSection
	GlobalSection(ExtensibilityGlobals) = postSolution
		SolutionGuid = {40972477-7F48-4587-BA5A-293229996EF5}
	EndGlobalSection
EndGlobal
